# THIS IS AN AUTOGENERATED FILE. DO NOT EDIT THIS FILE DIRECTLY.
# yarn lockfile v1


tslib@^2.3.0:
  version "2.5.0"
  resolved "https://verdaccio.faire.team/tslib/-/tslib-2.5.0.tgz#42bfed86f5787aeb41d031866c8f402429e0fddf"
  integrity sha512-336iVw3rtn2BUK7ORdIAHTyxHGRIHVReokCR3XjbckJMK7ms8FysBfhLR8IXnAgy7T0PTPNBWKiH514FOW/WSg==

zone.js@^0.13.0:
  version "0.13.0"
  resolved "https://verdaccio.faire.team/zone.js/-/zone.js-0.13.0.tgz#4c735cb8ef49312b58c0ad13451996dc2b202a6d"
  integrity sha512-7m3hNNyswsdoDobCkYNAy5WiUulkMd3+fWaGT9ij6iq3Zr/IwJo4RMCYPSDjT+r7tnPErmY9sZpKhWQ8S5k6XQ==
  dependencies:
    tslib "^2.3.0"
